// !$*UTF8*$!
{
	archiveVersion = 1;
	classes = {
	};
	objectVersion = 50;
	objects = {

/* Begin PBXBuildFile section */
		12747DAC22E505C4001C875E /* AppDelegate.swift in Sources */ = {isa = PBXBuildFile; fileRef = 12747DAB22E505C4001C875E /* AppDelegate.swift */; };
		12747DAE22E505C4001C875E /* ViewController.swift in Sources */ = {isa = PBXBuildFile; fileRef = 12747DAD22E505C4001C875E /* ViewController.swift */; };
		12747DB122E505C4001C875E /* Main.storyboard in Resources */ = {isa = PBXBuildFile; fileRef = 12747DAF22E505C4001C875E /* Main.storyboard */; };
		12747DB322E505C5001C875E /* Assets.xcassets in Resources */ = {isa = PBXBuildFile; fileRef = 12747DB222E505C5001C875E /* Assets.xcassets */; };
		12747DB622E505C5001C875E /* LaunchScreen.storyboard in Resources */ = {isa = PBXBuildFile; fileRef = 12747DB422E505C5001C875E /* LaunchScreen.storyboard */; };
		1C9F1645A69D2DFC93799A04 /* Pods_Native_iOS_Flutter.framework in Frameworks */ = {isa = PBXBuildFile; fileRef = AF51FF790C3C5CE361370B44 /* Pods_Native_iOS_Flutter.framework */; };
/* End PBXBuildFile section */

/* Begin PBXFileReference section */
		12747DA822E505C4001C875E /* Native_iOS_Flutter.app */ = {isa = PBXFileReference; explicitFileType = wrapper.application; includeInIndex = 0; path = Native_iOS_Flutter.app; sourceTree = BUILT_PRODUCTS_DIR; };
		12747DAB22E505C4001C875E /* AppDelegate.swift */ = {isa = PBXFileReference; lastKnownFileType = sourcecode.swift; path = AppDelegate.swift; sourceTree = "<group>"; };
		12747DAD22E505C4001C875E /* ViewController.swift */ = {isa = PBXFileReference; lastKnownFileType = sourcecode.swift; path = ViewController.swift; sourceTree = "<group>"; };
		12747DB022E505C4001C875E /* Base */ = {isa = PBXFileReference; lastKnownFileType = file.storyboard; name = Base; path = Base.lproj/Main.storyboard; sourceTree = "<group>"; };
		12747DB222E505C5001C875E /* Assets.xcassets */ = {isa = PBXFileReference; lastKnownFileType = folder.assetcatalog; path = Assets.xcassets; sourceTree = "<group>"; };
		12747DB522E505C5001C875E /* Base */ = {isa = PBXFileReference; lastKnownFileType = file.storyboard; name = Base; path = Base.lproj/LaunchScreen.storyboard; sourceTree = "<group>"; };
		12747DB722E505C5001C875E /* Info.plist */ = {isa = PBXFileReference; lastKnownFileType = text.plist.xml; path = Info.plist; sourceTree = "<group>"; };
		AF51FF790C3C5CE361370B44 /* Pods_Native_iOS_Flutter.framework */ = {isa = PBXFileReference; explicitFileType = wrapper.framework; includeInIndex = 0; path = Pods_Native_iOS_Flutter.framework; sourceTree = BUILT_PRODUCTS_DIR; };
		DA9378ADEA7DFEAC79BB32A4 /* Pods-Native_iOS_Flutter.release.xcconfig */ = {isa = PBXFileReference; includeInIndex = 1; lastKnownFileType = text.xcconfig; name = "Pods-Native_iOS_Flutter.release.xcconfig"; path = "Target Support Files/Pods-Native_iOS_Flutter/Pods-Native_iOS_Flutter.release.xcconfig"; sourceTree = "<group>"; };
		E6113339413E7F89E8E6424A /* Pods-Native_iOS_Flutter.debug.xcconfig */ = {isa = PBXFileReference; includeInIndex = 1; lastKnownFileType = text.xcconfig; name = "Pods-Native_iOS_Flutter.debug.xcconfig"; path = "Target Support Files/Pods-Native_iOS_Flutter/Pods-Native_iOS_Flutter.debug.xcconfig"; sourceTree = "<group>"; };
/* End PBXFileReference section */

/* Begin PBXFrameworksBuildPhase section */
		12747DA522E505C4001C875E /* Frameworks */ = {
			isa = PBXFrameworksBuildPhase;
			buildActionMask = 2147483647;
			files = (
				1C9F1645A69D2DFC93799A04 /* Pods_Native_iOS_Flutter.framework in Frameworks */,
			);
			runOnlyForDeploymentPostprocessing = 0;
		};
/* End PBXFrameworksBuildPhase section */

/* Begin PBXGroup section */
		12747D9F22E505C4001C875E = {
			isa = PBXGroup;
			children = (
				12747DAA22E505C4001C875E /* Native_iOS_Flutter */,
				12747DA922E505C4001C875E /* Products */,
				E21132F082014B028375B783 /* Pods */,
				E1BD38E9A5E886834FF13DEB /* Frameworks */,
			);
			sourceTree = "<group>";
		};
		12747DA922E505C4001C875E /* Products */ = {
			isa = PBXGroup;
			children = (
				12747DA822E505C4001C875E /* Native_iOS_Flutter.app */,
			);
			name = Products;
			sourceTree = "<group>";
		};
		12747DAA22E505C4001C875E /* Native_iOS_Flutter */ = {
			isa = PBXGroup;
			children = (
				12747DAB22E505C4001C875E /* AppDelegate.swift */,
				12747DAD22E505C4001C875E /* ViewController.swift */,
				12747DAF22E505C4001C875E /* Main.storyboard */,
				12747DB222E505C5001C875E /* Assets.xcassets */,
				12747DB422E505C5001C875E /* LaunchScreen.storyboard */,
				12747DB722E505C5001C875E /* Info.plist */,
			);
			path = Native_iOS_Flutter;
			sourceTree = "<group>";
		};
		E1BD38E9A5E886834FF13DEB /* Frameworks */ = {
			isa = PBXGroup;
			children = (
				AF51FF790C3C5CE361370B44 /* Pods_Native_iOS_Flutter.framework */,
			);
			name = Frameworks;
			sourceTree = "<group>";
		};
		E21132F082014B028375B783 /* Pods */ = {
			isa = PBXGroup;
			children = (
				E6113339413E7F89E8E6424A /* Pods-Native_iOS_Flutter.debug.xcconfig */,
				DA9378ADEA7DFEAC79BB32A4 /* Pods-Native_iOS_Flutter.release.xcconfig */,
			);
			path = Pods;
			sourceTree = "<group>";
		};
/* End PBXGroup section */

/* Begin PBXNativeTarget section */
		12747DA722E505C4001C875E /* Native_iOS_Flutter */ = {
			isa = PBXNativeTarget;
			buildConfigurationList = 12747DBA22E505C5001C875E /* Build configuration list for PBXNativeTarget "Native_iOS_Flutter" */;
			buildPhases = (
				68E52B6CE3E4E21A90420E40 /* [CP] Check Pods Manifest.lock */,
				12747DA422E505C4001C875E /* Sources */,
				12747DA522E505C4001C875E /* Frameworks */,
				12747DA622E505C4001C875E /* Resources */,
				1242B63F22E507C0003855D3 /* ShellScript */,
				01E1DE28088AFC09521B54C5 /* [CP] Embed Pods Frameworks */,
			);
			buildRules = (
			);
			dependencies = (
			);
			name = Native_iOS_Flutter;
			productName = Native_iOS_Flutter;
			productReference = 12747DA822E505C4001C875E /* Native_iOS_Flutter.app */;
			productType = "com.apple.product-type.application";
		};
/* End PBXNativeTarget section */

/* Begin PBXProject section */
		12747DA022E505C4001C875E /* Project object */ = {
			isa = PBXProject;
			attributes = {
				LastSwiftUpdateCheck = 1020;
				LastUpgradeCheck = 1020;
				ORGANIZATIONNAME = "Ramon Honorio";
				TargetAttributes = {
					12747DA722E505C4001C875E = {
						CreatedOnToolsVersion = 10.2.1;
					};
				};
			};
			buildConfigurationList = 12747DA322E505C4001C875E /* Build configuration list for PBXProject "Native_iOS_Flutter" */;
			compatibilityVersion = "Xcode 9.3";
			developmentRegion = en;
			hasScannedForEncodings = 0;
			knownRegions = (
				en,
				Base,
			);
			mainGroup = 12747D9F22E505C4001C875E;
			productRefGroup = 12747DA922E505C4001C875E /* Products */;
			projectDirPath = "";
			projectRoot = "";
			targets = (
				12747DA722E505C4001C875E /* Native_iOS_Flutter */,
			);
		};
/* End PBXProject section */

/* Begin PBXResourcesBuildPhase section */
		12747DA622E505C4001C875E /* Resources */ = {
			isa = PBXResourcesBuildPhase;
			buildActionMask = 2147483647;
			files = (
				12747DB622E505C5001C875E /* LaunchScreen.storyboard in Resources */,
				12747DB322E505C5001C875E /* Assets.xcassets in Resources */,
				12747DB122E505C4001C875E /* Main.storyboard in Resources */,
			);
			runOnlyForDeploymentPostprocessing = 0;
		};
/* End PBXResourcesBuildPhase section */

/* Begin PBXShellScriptBuildPhase section */
		01E1DE28088AFC09521B54C5 /* [CP] Embed Pods Frameworks */ = {
			isa = PBXShellScriptBuildPhase;
			buildActionMask = 2147483647;
			files = (
			);
			inputFileListPaths = (
				"${PODS_ROOT}/Target Support Files/Pods-Native_iOS_Flutter/Pods-Native_iOS_Flutter-frameworks-${CONFIGURATION}-input-files.xcfilelist",
			);
			name = "[CP] Embed Pods Frameworks";
			outputFileListPaths = (
				"${PODS_ROOT}/Target Support Files/Pods-Native_iOS_Flutter/Pods-Native_iOS_Flutter-frameworks-${CONFIGURATION}-output-files.xcfilelist",
			);
			runOnlyForDeploymentPostprocessing = 0;
			shellPath = /bin/sh;
			shellScript = "\"${PODS_ROOT}/Target Support Files/Pods-Native_iOS_Flutter/Pods-Native_iOS_Flutter-frameworks.sh\"\n";
			showEnvVarsInLog = 0;
		};
		1242B63F22E507C0003855D3 /* ShellScript */ = {
			isa = PBXShellScriptBuildPhase;
			buildActionMask = 2147483647;
			files = (
			);
			inputFileListPaths = (
			);
			inputPaths = (
			);
			outputFileListPaths = (
			);
			outputPaths = (
			);
			runOnlyForDeploymentPostprocessing = 0;
			shellPath = /bin/sh;
			shellScript = "\"$FLUTTER_ROOT/packages/flutter_tools/bin/xcode_backend.sh\" build\n\"$FLUTTER_ROOT/packages/flutter_tools/bin/xcode_backend.sh\" embed\n";
		};
		68E52B6CE3E4E21A90420E40 /* [CP] Check Pods Manifest.lock */ = {
			isa = PBXShellScriptBuildPhase;
			buildActionMask = 2147483647;
			files = (
			);
			inputFileListPaths = (
			);
			inputPaths = (
				"${PODS_PODFILE_DIR_PATH}/Podfile.lock",
				"${PODS_ROOT}/Manifest.lock",
			);
			name = "[CP] Check Pods Manifest.lock";
			outputFileListPaths = (
			);
			outputPaths = (
				"$(DERIVED_FILE_DIR)/Pods-Native_iOS_Flutter-checkManifestLockResult.txt",
			);
			runOnlyForDeploymentPostprocessing = 0;
			shellPath = /bin/sh;
			shellScript = "diff \"${PODS_PODFILE_DIR_PATH}/Podfile.lock\" \"${PODS_ROOT}/Manifest.lock\" > /dev/null\nif [ $? != 0 ] ; then\n    # print error to STDERR\n    echo \"error: The sandbox is not in sync with the Podfile.lock. Run 'pod install' or update your CocoaPods installation.\" >&2\n    exit 1\nfi\n# This output is used by Xcode 'outputs' to avoid re-running this script phase.\necho \"SUCCESS\" > \"${SCRIPT_OUTPUT_FILE_0}\"\n";
			showEnvVarsInLog = 0;
		};
/* End PBXShellScriptBuildPhase section */

/* Begin PBXSourcesBuildPhase section */
		12747DA422E505C4001C875E /* Sources */ = {
			isa = PBXSourcesBuildPhase;
			buildActionMask = 2147483647;
			files = (
				12747DAE22E505C4001C875E /* ViewController.swift in Sources */,
				12747DAC22E505C4001C875E /* AppDelegate.swift in Sources */,
			);
			runOnlyForDeploymentPostprocessing = 0;
		};
/* End PBXSourcesBuildPhase section */

/* Begin PBXVariantGroup section */
		12747DAF22E505C4001C875E /* Main.storyboard */ = {
			isa = PBXVariantGroup;
			children = (
				12747DB022E505C4001C875E /* Base */,
			);
			name = Main.storyboard;
			sourceTree = "<group>";
		};
		12747DB422E505C5001C875E /* LaunchScreen.storyboard */ = {
			isa = PBXVariantGroup;
			children = (
				12747DB522E505C5001C875E /* Base */,
			);
			name = LaunchScreen.storyboard;
			sourceTree = "<group>";
		};
/* End PBXVariantGroup section */

/* Begin XCBuildConfiguration section */
		12747DB822E505C5001C875E /* Debug */ = {
			isa = XCBuildConfiguration;
			buildSettings = {
				ALWAYS_SEARCH_USER_PATHS = NO;
				CLANG_ANALYZER_NONNULL = YES;
				CLANG_ANALYZER_NUMBER_OBJECT_CONVERSION = YES_AGGRESSIVE;
				CLANG_CXX_LANGUAGE_STANDARD = "gnu++14";
				CLANG_CXX_LIBRARY = "libc++";
				CLANG_ENABLE_MODULES = YES;
				CLANG_ENABLE_OBJC_ARC = YES;
				CLANG_ENABLE_OBJC_WEAK = YES;
				CLANG_WARN_BLOCK_CAPTURE_AUTORELEASING = YES;
				CLANG_WARN_BOOL_CONVERSION = YES;
				CLANG_WARN_COMMA = YES;
				CLANG_WARN_CONSTANT_CONVERSION = YES;
				CLANG_WARN_DEPRECATED_OBJC_IMPLEMENTATIONS = YES;
				CLANG_WARN_DIRECT_OBJC_ISA_USAGE = YES_ERROR;
				CLANG_WARN_DOCUMENTATION_COMMENTS = YES;
				CLANG_WARN_EMPTY_BODY = YES;
				CLANG_WARN_ENUM_CONVERSION = YES;
				CLANG_WARN_INFINITE_RECURSION = YES;
				CLANG_WARN_INT_CONVERSION = YES;
				CLANG_WARN_NON_LITERAL_NULL_CONVERSION = YES;
				CLANG_WARN_OBJC_IMPLICIT_RETAIN_SELF = YES;
				CLANG_WARN_OBJC_LITERAL_CONVERSION = YES;
				CLANG_WARN_OBJC_ROOT_CLASS = YES_ERROR;
				CLANG_WARN_RANGE_LOOP_ANALYSIS = YES;
				CLANG_WARN_STRICT_PROTOTYPES = YES;
				CLANG_WARN_SUSPICIOUS_MOVE = YES;
				CLANG_WARN_UNGUARDED_AVAILABILITY = YES_AGGRESSIVE;
				CLANG_WARN_UNREACHABLE_CODE = YES;
				CLANG_WARN__DUPLICATE_METHOD_MATCH = YES;
				CODE_SIGN_IDENTITY = "iPhone Developer";
				COPY_PHASE_STRIP = NO;
				DEBUG_INFORMATION_FORMAT = dwarf;
				ENABLE_STRICT_OBJC_MSGSEND = YES;
				ENABLE_TESTABILITY = YES;
				GCC_C_LANGUAGE_STANDARD = gnu11;
				GCC_DYNAMIC_NO_PIC = NO;
				GCC_NO_COMMON_BLOCKS = YES;
				GCC_OPTIMIZATION_LEVEL = 0;
				GCC_PREPROCESSOR_DEFINITIONS = (
					"DEBUG=1",
					"$(inherited)",
				);
				GCC_WARN_64_TO_32_BIT_CONVERSION = YES;
				GCC_WARN_ABOUT_RETURN_TYPE = YES_ERROR;
				GCC_WARN_UNDECLARED_SELECTOR = YES;
				GCC_WARN_UNINITIALIZED_AUTOS = YES_AGGRESSIVE;
				GCC_WARN_UNUSED_FUNCTION = YES;
				GCC_WARN_UNUSED_VARIABLE = YES;
				IPHONEOS_DEPLOYMENT_TARGET = 12.2;
				MTL_ENABLE_DEBUG_INFO = INCLUDE_SOURCE;
				MTL_FAST_MATH = YES;
				ONLY_ACTIVE_ARCH = YES;
				SDKROOT = iphoneos;
				SWIFT_ACTIVE_COMPILATION_CONDITIONS = DEBUG;
				SWIFT_OPTIMIZATION_LEVEL = "-Onone";
			};
			name = Debug;
		};
		12747DB922E505C5001C875E /* Release */ = {
			isa = XCBuildConfiguration;
			buildSettings = {
				ALWAYS_SEARCH_USER_PATHS = NO;
				CLANG_ANALYZER_NONNULL = YES;
				CLANG_ANALYZER_NUMBER_OBJECT_CONVERSION = YES_AGGRESSIVE;
				CLANG_CXX_LANGUAGE_STANDARD = "gnu++14";
				CLANG_CXX_LIBRARY = "libc++";
				CLANG_ENABLE_MODULES = YES;
				CLANG_ENABLE_OBJC_ARC = YES;
				CLANG_ENABLE_OBJC_WEAK = YES;
				CLANG_WARN_BLOCK_CAPTURE_AUTORELEASING = YES;
				CLANG_WARN_BOOL_CONVERSION = YES;
				CLANG_WARN_COMMA = YES;
				CLANG_WARN_CONSTANT_CONVERSION = YES;
				CLANG_WARN_DEPRECATED_OBJC_IMPLEMENTATIONS = YES;
				CLANG_WARN_DIRECT_OBJC_ISA_USAGE = YES_ERROR;
				CLANG_WARN_DOCUMENTATION_COMMENTS = YES;
				CLANG_WARN_EMPTY_BODY = YES;
				CLANG_WARN_ENUM_CONVERSION = YES;
				CLANG_WARN_INFINITE_RECURSION = YES;
				CLANG_WARN_INT_CONVERSION = YES;
				CLANG_WARN_NON_LITERAL_NULL_CONVERSION = YES;
				CLANG_WARN_OBJC_IMPLICIT_RETAIN_SELF = YES;
				CLANG_WARN_OBJC_LITERAL_CONVERSION = YES;
				CLANG_WARN_OBJC_ROOT_CLASS = YES_ERROR;
				CLANG_WARN_RANGE_LOOP_ANALYSIS = YES;
				CLANG_WARN_STRICT_PROTOTYPES = YES;
				CLANG_WARN_SUSPICIOUS_MOVE = YES;
				CLANG_WARN_UNGUARDED_AVAILABILITY = YES_AGGRESSIVE;
				CLANG_WARN_UNREACHABLE_CODE = YES;
				CLANG_WARN__DUPLICATE_METHOD_MATCH = YES;
				CODE_SIGN_IDENTITY = "iPhone Developer";
				COPY_PHASE_STRIP = NO;
				DEBUG_INFORMATION_FORMAT = "dwarf-with-dsym";
				ENABLE_NS_ASSERTIONS = NO;
				ENABLE_STRICT_OBJC_MSGSEND = YES;
				GCC_C_LANGUAGE_STANDARD = gnu11;
				GCC_NO_COMMON_BLOCKS = YES;
				GCC_WARN_64_TO_32_BIT_CONVERSION = YES;
				GCC_WARN_ABOUT_RETURN_TYPE = YES_ERROR;
				GCC_WARN_UNDECLARED_SELECTOR = YES;
				GCC_WARN_UNINITIALIZED_AUTOS = YES_AGGRESSIVE;
				GCC_WARN_UNUSED_FUNCTION = YES;
				GCC_WARN_UNUSED_VARIABLE = YES;
				IPHONEOS_DEPLOYMENT_TARGET = 12.2;
				MTL_ENABLE_DEBUG_INFO = NO;
				MTL_FAST_MATH = YES;
				SDKROOT = iphoneos;
				SWIFT_COMPILATION_MODE = wholemodule;
				SWIFT_OPTIMIZATION_LEVEL = "-O";
				VALIDATE_PRODUCT = YES;
			};
			name = Release;
		};
		12747DBB22E505C5001C875E /* Debug */ = {
			isa = XCBuildConfiguration;
			baseConfigurationReference = E6113339413E7F89E8E6424A /* Pods-Native_iOS_Flutter.debug.xcconfig */;
			buildSettings = {
				ASSETCATALOG_COMPILER_APPICON_NAME = AppIcon;
				CODE_SIGN_STYLE = Automatic;
				DEVELOPMENT_TEAM = 5EX2K3NNES;
				ENABLE_BITCODE = NO;
				INFOPLIST_FILE = Native_iOS_Flutter/Info.plist;
				LD_RUNPATH_SEARCH_PATHS = (
					"$(inherited)",
					"@executable_path/Frameworks",
				);
				PRODUCT_BUNDLE_IDENTIFIER = "br.com.ramonilho.Native-iOS-Flutter";
				PRODUCT_NAME = "$(TARGET_NAME)";
				SWIFT_VERSION = 5.0;
				TARGETED_DEVICE_FAMILY = "1,2";
			};
			name = Debug;
		};
		12747DBC22E505C5001C875E /* Release */ = {
			isa = XCBuildConfiguration;
			baseConfigurationReference = DA9378ADEA7DFEAC79BB32A4 /* Pods-Native_iOS_Flutter.release.xcconfig */;
			buildSettings = {
				ASSETCATALOG_COMPILER_APPICON_NAME = AppIcon;
				CODE_SIGN_STYLE = Automatic;
				DEVELOPMENT_TEAM = 5EX2K3NNES;
				ENABLE_BITCODE = NO;
				INFOPLIST_FILE = Native_iOS_Flutter/Info.plist;
				LD_RUNPATH_SEARCH_PATHS = (
					"$(inherited)",
					"@executable_path/Frameworks",
				);
				PRODUCT_BUNDLE_IDENTIFIER = "br.com.ramonilho.Native-iOS-Flutter";
				PRODUCT_NAME = "$(TARGET_NAME)";
				SWIFT_VERSION = 5.0;
				TARGETED_DEVICE_FAMILY = "1,2";
			};
			name = Release;
		};
/* End XCBuildConfiguration section */

/* Begin XCConfigurationList section */
		12747DA322E505C4001C875E /* Build configuration list for PBXProject "Native_iOS_Flutter" */ = {
			isa = XCConfigurationList;
			buildConfigurations = (
				12747DB822E505C5001C875E /* Debug */,
				12747DB922E505C5001C875E /* Release */,
			);
			defaultConfigurationIsVisible = 0;
			defaultConfigurationName = Release;
		};
		12747DBA22E505C5001C875E /* Build configuration list for PBXNativeTarget "Native_iOS_Flutter" */ = {
			isa = XCConfigurationList;
			buildConfigurations = (
				12747DBB22E505C5001C875E /* Debug */,
				12747DBC22E505C5001C875E /* Release */,
			);
			defaultConfigurationIsVisible = 0;
			defaultConfigurationName = Release;
		};
/* End XCConfigurationList section */
	};
	rootObject = 12747DA022E505C4001C875E /* Project object */;
}
